PODS:
  - SalesforceAnalytics (8.3.0):
    - SalesforceAnalytics/SalesforceAnalytics (= 8.3.0)
  - SalesforceAnalytics/SalesforceAnalytics (8.3.0):
    - SalesforceSDKCommon (~> 8.3.0)
  - SalesforceSDKCommon (8.3.0):
    - SalesforceSDKCommon/SalesforceSDKCommon (= 8.3.0)
  - SalesforceSDKCommon/SalesforceSDKCommon (8.3.0)
  - SalesforceSDKCore (8.3.0):
    - SalesforceSDKCore/SalesforceSDKCore (= 8.3.0)
  - SalesforceSDKCore/SalesforceSDKCore (8.3.0):
    - SalesforceAnalytics (~> 8.3.0)
    - SalesforceSDKCore/SalesforceSDKCore/arc (= 8.3.0)
    - SalesforceSDKCore/SalesforceSDKCore/base (= 8.3.0)
    - SalesforceSDKCore/SalesforceSDKCore/no-arc (= 8.3.0)
  - SalesforceSDKCore/SalesforceSDKCore/arc (8.3.0):
    - SalesforceAnalytics (~> 8.3.0)
    - SalesforceSDKCore/SalesforceSDKCore/base
    - SalesforceSDKCore/SalesforceSDKCore/no-arc
  - SalesforceSDKCore/SalesforceSDKCore/base (8.3.0):
    - SalesforceAnalytics (~> 8.3.0)
  - SalesforceSDKCore/SalesforceSDKCore/no-arc (8.3.0):
    - SalesforceAnalytics (~> 8.3.0)
    - SalesforceSDKCore/SalesforceSDKCore/base

DEPENDENCIES:
  - SalesforceSDKCommon
  - SalesforceSDKCore

SPEC REPOS:
  https://github.com/forcedotcom/SalesforceMobileSDK-iOS-Specs.git:
    - SalesforceAnalytics
    - SalesforceSDKCommon
    - SalesforceSDKCore

SPEC CHECKSUMS:
  SalesforceAnalytics: 40c79efdc9b6ca3754a40010ef8cbe59cd1f5740
  SalesforceSDKCommon: 0b43b598ee7783937a1f571286058209e6a1d093
  SalesforceSDKCore: 263548eedd8416a791fef1d46f2f7f2f61c4a196

PODFILE CHECKSUM: 78690d7200008d25eb0fe1f18001bdf74f6f2744

COCOAPODS: 1.8.3
